hash: 93ab87b5de340993743be060c638182de27bad163c998a5bf7384a1284c30278
updated: 2018-04-23T11:14:50.340775+09:00
imports:
- name: github.com/ahmetalpbalkan/go-linq
  version: 67424dce7b47e42b7f2373557878fd6e3f2d8c44
- name: github.com/ahmetb/go-linq
  version: 67424dce7b47e42b7f2373557878fd6e3f2d8c44
- name: github.com/BurntSushi/toml
  version: b26d9c308763d68093482582cea63d69be07a0f0
- name: github.com/denisenkom/go-mssqldb
  version: 2e93935aa9096273693401939a61fb8a9b2c9d14
  subpackages:
  - internal/cp
- name: github.com/go-sql-driver/mysql
  version: 3287d94d4c6a48a63e16fffaabf27ab20203af2a
- name: github.com/urfave/cli
  version: 8e01ec4cd3e2d84ab2fe90d8210528ffbb06d8ff
- name: golang.org/x/crypto
  version: 1875d0a70c90e57f11972aefd42276df65e895b9
  subpackages:
  - md4
- name: google.golang.org/appengine
  version: 0a24098c0ec68416ec050f567f75df563d6b231e
  subpackages:
  - cloudsql
testImports: []
