hash: 5f07ea4a602e846a745ffc5f37b2a88dbded3ba4c0584d8abee1f206d52f18aa
updated: 2018-03-20T15:44:47.2556057+09:00
imports:
- name: github.com/BurntSushi/toml
  version: b26d9c308763d68093482582cea63d69be07a0f0
- name: github.com/urfave/cli
  version: 8e01ec4cd3e2d84ab2fe90d8210528ffbb06d8ff
testImports: []
